
Microsoft Visual Studio Solution File, Format Version 12.00
# Visual Studio Version 16
VisualStudioVersion = 16.0.30114.105
MinimumVisualStudioVersion = 10.0.40219.1
Project("{FAE04EC0-301F-11D3-BF4B-00C04F79EFBC}") = "DSharpPlus Bot Framework", "DSharpPlus Bot Framework\DSharpPlus Bot Framework.csproj", "{72785B1A-25EB-40FC-A61D-E5AFA30984DF}"
EndProject
Global
	GlobalSection(SolutionConfigurationPlatforms) = preSolution
		Debug|Any CPU = Debug|Any CPU
		Release|Any CPU = Release|Any CPU
	EndGlobalSection
	GlobalSection(ProjectConfigurationPlatforms) = postSolution
		{72785B1A-25EB-40FC-A61D-E5AFA30984DF}.Debug|Any CPU.ActiveCfg = Debug|Any CPU
		{72785B1A-25EB-40FC-A61D-E5AFA30984DF}.Debug|Any CPU.Build.0 = Debug|Any CPU
		{72785B1A-25EB-40FC-A61D-E5AFA30984DF}.Release|Any CPU.ActiveCfg = Release|Any CPU
		{72785B1A-25EB-40FC-A61D-E5AFA30984DF}.Release|Any CPU.Build.0 = Release|Any CPU
	EndGlobalSection
	GlobalSection(SolutionProperties) = preSolution
		HideSolutionNode = FALSE
	EndGlobalSection
	GlobalSection(ExtensibilityGlobals) = postSolution
		SolutionGuid = {8F4398E1-AC00-4468-AA2F-58CDCB19E326}
	EndGlobalSection
EndGlobal
